
Microsoft Visual Studio Solution File, Format Version 12.00
# Visual Studio Version 17
VisualStudioVersion = 17.0.32126.317
MinimumVisualStudioVersion = 10.0.40219.1
Project("{FAE04EC0-301F-11D3-BF4B-00C04F79EFBC}") = "test", "test\test.csproj", "{CE3765D3-E714-4120-B01C-D3815C3F88F0}"
EndProject
Global
	GlobalSection(SolutionConfigurationPlatforms) = preSolution
		Debug|Any CPU = Debug|Any CPU
		Release|Any CPU = Release|Any CPU
	EndGlobalSection
	GlobalSection(ProjectConfigurationPlatforms) = postSolution
		{CE3765D3-E714-4120-B01C-D3815C3F88F0}.Debug|Any CPU.ActiveCfg = Debug|Any CPU
		{CE3765D3-E714-4120-B01C-D3815C3F88F0}.Debug|Any CPU.Build.0 = Debug|Any CPU
		{CE3765D3-E714-4120-B01C-D3815C3F88F0}.Release|Any CPU.ActiveCfg = Release|Any CPU
		{CE3765D3-E714-4120-B01C-D3815C3F88F0}.Release|Any CPU.Build.0 = Release|Any CPU
	EndGlobalSection
	GlobalSection(SolutionProperties) = preSolution
		HideSolutionNode = FALSE
	EndGlobalSection
	GlobalSection(ExtensibilityGlobals) = postSolution
		SolutionGuid = {1EBB9C4A-BC71-4C1D-83F2-70DCCEAF4CE7}
	EndGlobalSection
EndGlobal
